
Microsoft Visual Studio Solution File, Format Version 12.00
# Visual Studio Version 17
VisualStudioVersion = 17.4.33205.214
MinimumVisualStudioVersion = 10.0.40219.1
Project("{9A19103F-16F7-4668-BE54-9A1E7A4F7556}") = "ExpanseTracker", "ExpanseTracker.csproj", "{6C8DF412-0060-404F-A702-ABCA81190AF4}"
EndProject
Project("{FAE04EC0-301F-11D3-BF4B-00C04F79EFBC}") = "Infrastructure", "..\Infrastructure\Infrastructure.csproj", "{8F9BCE9D-46BF-46EB-B724-F4153E0945F3}"
EndProject
Project("{FAE04EC0-301F-11D3-BF4B-00C04F79EFBC}") = "Domain", "..\Domain\Domain.csproj", "{BA5E48CF-A513-4F5C-BE1E-8664B03F1F9A}"
EndProject
Project("{FAE04EC0-301F-11D3-BF4B-00C04F79EFBC}") = "Application", "..\Application\Application.csproj", "{6444E138-0B25-4208-A7A6-B5445F79D91E}"
EndProject
Global
	GlobalSection(SolutionConfigurationPlatforms) = preSolution
		Debug|Any CPU = Debug|Any CPU
		Release|Any CPU = Release|Any CPU
	EndGlobalSection
	GlobalSection(ProjectConfigurationPlatforms) = postSolution
		{6C8DF412-0060-404F-A702-ABCA81190AF4}.Debug|Any CPU.ActiveCfg = Debug|Any CPU
		{6C8DF412-0060-404F-A702-ABCA81190AF4}.Debug|Any CPU.Build.0 = Debug|Any CPU
		{6C8DF412-0060-404F-A702-ABCA81190AF4}.Release|Any CPU.ActiveCfg = Release|Any CPU
		{6C8DF412-0060-404F-A702-ABCA81190AF4}.Release|Any CPU.Build.0 = Release|Any CPU
		{8F9BCE9D-46BF-46EB-B724-F4153E0945F3}.Debug|Any CPU.ActiveCfg = Debug|Any CPU
		{8F9BCE9D-46BF-46EB-B724-F4153E0945F3}.Debug|Any CPU.Build.0 = Debug|Any CPU
		{8F9BCE9D-46BF-46EB-B724-F4153E0945F3}.Release|Any CPU.ActiveCfg = Release|Any CPU
		{8F9BCE9D-46BF-46EB-B724-F4153E0945F3}.Release|Any CPU.Build.0 = Release|Any CPU
		{BA5E48CF-A513-4F5C-BE1E-8664B03F1F9A}.Debug|Any CPU.ActiveCfg = Debug|Any CPU
		{BA5E48CF-A513-4F5C-BE1E-8664B03F1F9A}.Debug|Any CPU.Build.0 = Debug|Any CPU
		{BA5E48CF-A513-4F5C-BE1E-8664B03F1F9A}.Release|Any CPU.ActiveCfg = Release|Any CPU
		{BA5E48CF-A513-4F5C-BE1E-8664B03F1F9A}.Release|Any CPU.Build.0 = Release|Any CPU
		{6444E138-0B25-4208-A7A6-B5445F79D91E}.Debug|Any CPU.ActiveCfg = Debug|Any CPU
		{6444E138-0B25-4208-A7A6-B5445F79D91E}.Debug|Any CPU.Build.0 = Debug|Any CPU
		{6444E138-0B25-4208-A7A6-B5445F79D91E}.Release|Any CPU.ActiveCfg = Release|Any CPU
		{6444E138-0B25-4208-A7A6-B5445F79D91E}.Release|Any CPU.Build.0 = Release|Any CPU
	EndGlobalSection
	GlobalSection(SolutionProperties) = preSolution
		HideSolutionNode = FALSE
	EndGlobalSection
	GlobalSection(ExtensibilityGlobals) = postSolution
		SolutionGuid = {ED67107F-E801-4244-B3B4-79B6D2B5DFD2}
	EndGlobalSection
EndGlobal
